
Microsoft Visual Studio Solution File, Format Version 12.00
# Visual Studio 15
VisualStudioVersion = 15.0.28307.779
MinimumVisualStudioVersion = 10.0.40219.1
Project("{FAE04EC0-301F-11D3-BF4B-00C04F79EFBC}") = "WebApplication1", "WebApplication1\WebApplication1.csproj", "{45D8CFC3-ACCE-4591-A788-D5281F45AF19}"
EndProject
Global
	GlobalSection(SolutionConfigurationPlatforms) = preSolution
		Debug|Any CPU = Debug|Any CPU
		Release|Any CPU = Release|Any CPU
	EndGlobalSection
	GlobalSection(ProjectConfigurationPlatforms) = postSolution
		{45D8CFC3-ACCE-4591-A788-D5281F45AF19}.Debug|Any CPU.ActiveCfg = Debug|Any CPU
		{45D8CFC3-ACCE-4591-A788-D5281F45AF19}.Debug|Any CPU.Build.0 = Debug|Any CPU
		{45D8CFC3-ACCE-4591-A788-D5281F45AF19}.Release|Any CPU.ActiveCfg = Release|Any CPU
		{45D8CFC3-ACCE-4591-A788-D5281F45AF19}.Release|Any CPU.Build.0 = Release|Any CPU
	EndGlobalSection
	GlobalSection(SolutionProperties) = preSolution
		HideSolutionNode = FALSE
	EndGlobalSection
	GlobalSection(ExtensibilityGlobals) = postSolution
		SolutionGuid = {2FCA117F-CEE6-4E26-AE7E-97E954A6F8D8}
	EndGlobalSection
EndGlobal
